
Microsoft Visual Studio Solution File, Format Version 12.00
# Visual Studio 15
VisualStudioVersion = 15.0.27130.2003
MinimumVisualStudioVersion = 10.0.40219.1
Project("{FAE04EC0-301F-11D3-BF4B-00C04F79EFBC}") = "AwesomeTextRpg", "AwesomeTextRpg\AwesomeTextRpg.csproj", "{079A067E-7A2B-4A84-9860-2C20B0EC1775}"
EndProject
Global
	GlobalSection(SolutionConfigurationPlatforms) = preSolution
		Debug|Any CPU = Debug|Any CPU
		Release|Any CPU = Release|Any CPU
	EndGlobalSection
	GlobalSection(ProjectConfigurationPlatforms) = postSolution
		{079A067E-7A2B-4A84-9860-2C20B0EC1775}.Debug|Any CPU.ActiveCfg = Debug|Any CPU
		{079A067E-7A2B-4A84-9860-2C20B0EC1775}.Debug|Any CPU.Build.0 = Debug|Any CPU
		{079A067E-7A2B-4A84-9860-2C20B0EC1775}.Release|Any CPU.ActiveCfg = Release|Any CPU
		{079A067E-7A2B-4A84-9860-2C20B0EC1775}.Release|Any CPU.Build.0 = Release|Any CPU
	EndGlobalSection
	GlobalSection(SolutionProperties) = preSolution
		HideSolutionNode = FALSE
	EndGlobalSection
	GlobalSection(ExtensibilityGlobals) = postSolution
		SolutionGuid = {A166C4DD-EE0D-4C8E-A4EF-88EB683C7675}
	EndGlobalSection
EndGlobal
